
Microsoft Visual Studio Solution File, Format Version 12.00
# Visual Studio 11
Project("{00000000-0000-0000-0000-000000000000}") = "RentalRateEditorBackbone", "RentalRateEditorBackbone\RentalRateEditorBackbone.csproj", "{BFA8A34A-6383-46CD-ACE2-DEEC3FA87200}"
EndProject
Global
	GlobalSection(SolutionConfigurationPlatforms) = preSolution
		Debug|Any CPU = Debug|Any CPU
		Release|Any CPU = Release|Any CPU
	EndGlobalSection
	GlobalSection(ProjectConfigurationPlatforms) = postSolution
		{BFA8A34A-6383-46CD-ACE2-DEEC3FA87200}.Debug|Any CPU.ActiveCfg = Debug|Any CPU
		{BFA8A34A-6383-46CD-ACE2-DEEC3FA87200}.Debug|Any CPU.Build.0 = Debug|Any CPU
		{BFA8A34A-6383-46CD-ACE2-DEEC3FA87200}.Release|Any CPU.ActiveCfg = Release|Any CPU
		{BFA8A34A-6383-46CD-ACE2-DEEC3FA87200}.Release|Any CPU.Build.0 = Release|Any CPU
	EndGlobalSection
	GlobalSection(SolutionProperties) = preSolution
		HideSolutionNode = FALSE
	EndGlobalSection
EndGlobal
